# This file is automatically @generated by Cargo.
# It is not intended for manual editing.
version = 4

[[package]]
name = "siox"
version = "0.1.0"
source = "git+https://github.com/Siox-lang/sioxc.git#611bdf394dc65c7f828c9369ad45977b87acf959"

[[package]]
name = "siox-lsp"
version = "0.1.0"
dependencies = [
 "siox",
]
