# This file is automatically @generated by Cargo.
# It is not intended for manual editing.
version = 4

[[package]]
name = "siox"
version = "0.1.0"
source = "git+https://github.com/Siox-lang/sioxc.git#19024c8adb1d0a394b4339de8476618531808422"

[[package]]
name = "siox-lsp"
version = "0.1.0"
dependencies = [
 "siox",
]
