# This file is automatically @generated by Cargo.
# It is not intended for manual editing.
version = 4

[[package]]
name = "siox"
version = "0.1.0"
source = "git+https://github.com/Siox-lang/sioxc.git#2c29dac87e2f8ec3c4a937d2c4be0435d75dd803"

[[package]]
name = "siox-lsp"
version = "0.1.0"
dependencies = [
 "siox",
]
